{
    "_readme": [
        "This file locks the dependencies of your project to a known state",
        "Read more about it at https://getcomposer.org/doc/01-basic-usage.md#composer-lock-the-lock-file",
        "This file is @generated automatically"
    ],
    "content-hash": "e3cd413d457f0c68e1451a24cbf99296",
    "packages": [
        {
            "name": "clarifai/clarifai-php",
            "version": "0.2.0",
            "source": {
                "type": "git",
                "url": "https://github.com/Clarifai/clarifai-php.git",
                "reference": "60ed506ec63597b092cff231515b9a4083944d6c"
            },
            "dist": {
                "type": "zip",
                "url": "https://api.github.com/repos/Clarifai/clarifai-php/zipball/60ed506ec63597b092cff231515b9a4083944d6c",
                "reference": "60ed506ec63597b092cff231515b9a4083944d6c",
                "shasum": ""
            },
            "require": {
                "google/protobuf": "^v3.6.0.1",
                "grpc/grpc": "^1.12.0",
                "php": ">=7.0.0"
            },
            "require-dev": {
                "phpunit/phpunit": "^6"
            },
            "type": "library",
            "autoload": {
                "psr-4": {
                    "Clarifai\\": [
                        "src/protos/Clarifai",
                        "src/Clarifai"
                    ],
                    "GPBMetadata\\": [
                        "src/protos/GPBMetadata"
                    ]
                }
            },
            "notification-url": "https://packagist.org/downloads/",
            "license": [
                "Apache-2.0"
            ],
            "authors": [
                {
                    "name": "Clarifai",
                    "homepage": "https://github.com/Clarifai/clarifai-php"
                }
            ],
            "description": "Clarifai PHP Client",
            "homepage": "https://clarifai.com/",
            "keywords": [
                "api",
                "artificial intelligence",
                "clarifai",
                "image recognition",
                "video recognition"
            ],
            "time": "2018-07-18T13:38:20+00:00"
        },
        {
            "name": "google/protobuf",
            "version": "v3.6.1",
            "source": {
                "type": "git",
                "url": "https://github.com/google/protobuf.git",
                "reference": "48cb18e5c419ddd23d9badcfe4e9df7bde1979b2"
            },
            "dist": {
                "type": "zip",
                "url": "https://api.github.com/repos/google/protobuf/zipball/48cb18e5c419ddd23d9badcfe4e9df7bde1979b2",
                "reference": "48cb18e5c419ddd23d9badcfe4e9df7bde1979b2",
                "shasum": ""
            },
            "require": {
                "php": ">=5.5.0"
            },
            "require-dev": {
                "phpunit/phpunit": ">=4.8.0"
            },
            "suggest": {
                "ext-bcmath": "Need to support JSON deserialization"
            },
            "type": "library",
            "autoload": {
                "psr-4": {
                    "Google\\Protobuf\\": "php/src/Google/Protobuf",
                    "GPBMetadata\\Google\\Protobuf\\": "php/src/GPBMetadata/Google/Protobuf"
                }
            },
            "notification-url": "https://packagist.org/downloads/",
            "license": [
                "BSD-3-Clause"
            ],
            "description": "proto library for PHP",
            "homepage": "https://developers.google.com/protocol-buffers/",
            "keywords": [
                "proto"
            ],
            "time": "2018-07-27T20:30:28+00:00"
        },
        {
            "name": "grpc/grpc",
            "version": "1.13.0",
            "source": {
                "type": "git",
                "url": "https://github.com/grpc/grpc-php.git",
                "reference": "8ff8ed6a99803b4e2396ce63b289cad4b4c40d39"
            },
            "dist": {
                "type": "zip",
                "url": "https://api.github.com/repos/grpc/grpc-php/zipball/8ff8ed6a99803b4e2396ce63b289cad4b4c40d39",
                "reference": "8ff8ed6a99803b4e2396ce63b289cad4b4c40d39",
                "shasum": ""
            },
            "require": {
                "php": ">=5.5.0"
            },
            "require-dev": {
                "google/auth": "v0.9"
            },
            "suggest": {
                "ext-protobuf": "For better performance, install the protobuf C extension.",
                "google/protobuf": "To get started using grpc quickly, install the native protobuf library."
            },
            "type": "library",
            "autoload": {
                "psr-4": {
                    "Grpc\\": "src/lib/"
                }
            },
            "notification-url": "https://packagist.org/downloads/",
            "license": [
                "Apache-2.0"
            ],
            "description": "gRPC library for PHP",
            "homepage": "https://grpc.io",
            "keywords": [
                "rpc"
            ],
            "time": "2018-06-28T22:47:39+00:00"
        }
    ],
    "packages-dev": [],
    "aliases": [],
    "minimum-stability": "stable",
    "stability-flags": [],
    "prefer-stable": false,
    "prefer-lowest": false,
    "platform": [],
    "platform-dev": []
}
